// !$*UTF8*$!
{
	archiveVersion = 1;
	classes = {
	};
	objectVersion = 54;
	objects = {

/* Begin PBXBuildFile section */
		BB3EDB8D26C101A3001A87EE /* SelectionCell.swift in Sources */ = {isa = PBXBuildFile; fileRef = BB3EDB8C26C101A3001A87EE /* SelectionCell.swift */; };
		BB4E510B26B7D1BF008C2ABE /* MainMenuView.swift in Sources */ = {isa = PBXBuildFile; fileRef = BB4E510A26B7D1BF008C2ABE /* MainMenuView.swift */; };
		BB66064826B1955E0002FC7E /* AppDelegate.swift in Sources */ = {isa = PBXBuildFile; fileRef = BB66064726B1955E0002FC7E /* AppDelegate.swift */; };
		BB66064A26B1955E0002FC7E /* SceneDelegate.swift in Sources */ = {isa = PBXBuildFile; fileRef = BB66064926B1955E0002FC7E /* SceneDelegate.swift */; };
		BB66064C26B1955E0002FC7E /* MainMenuViewController.swift in Sources */ = {isa = PBXBuildFile; fileRef = BB66064B26B1955E0002FC7E /* MainMenuViewController.swift */; };
		BB66065126B1955F0002FC7E /* Assets.xcassets in Resources */ = {isa = PBXBuildFile; fileRef = BB66065026B1955F0002FC7E /* Assets.xcassets */; };
		BB66065426B1955F0002FC7E /* LaunchScreen.storyboard in Resources */ = {isa = PBXBuildFile; fileRef = BB66065226B1955F0002FC7E /* LaunchScreen.storyboard */; };
		BB87688126B960190081D653 /* CollectionCell.swift in Sources */ = {isa = PBXBuildFile; fileRef = BB87688026B960190081D653 /* CollectionCell.swift */; };
		BBF5B5C326BBF77C00755B50 /* TableViewCell.swift in Sources */ = {isa = PBXBuildFile; fileRef = BBF5B5C226BBF77C00755B50 /* TableViewCell.swift */; };
/* End PBXBuildFile section */

/* Begin PBXFileReference section */
		BB3EDB8C26C101A3001A87EE /* SelectionCell.swift */ = {isa = PBXFileReference; lastKnownFileType = sourcecode.swift; path = SelectionCell.swift; sourceTree = "<group>"; };
		BB4E510A26B7D1BF008C2ABE /* MainMenuView.swift */ = {isa = PBXFileReference; lastKnownFileType = sourcecode.swift; path = MainMenuView.swift; sourceTree = "<group>"; };
		BB66064426B1955E0002FC7E /* NewMainMenu.app */ = {isa = PBXFileReference; explicitFileType = wrapper.application; includeInIndex = 0; path = NewMainMenu.app; sourceTree = BUILT_PRODUCTS_DIR; };
		BB66064726B1955E0002FC7E /* AppDelegate.swift */ = {isa = PBXFileReference; lastKnownFileType = sourcecode.swift; path = AppDelegate.swift; sourceTree = "<group>"; };
		BB66064926B1955E0002FC7E /* SceneDelegate.swift */ = {isa = PBXFileReference; lastKnownFileType = sourcecode.swift; path = SceneDelegate.swift; sourceTree = "<group>"; };
		BB66064B26B1955E0002FC7E /* MainMenuViewController.swift */ = {isa = PBXFileReference; lastKnownFileType = sourcecode.swift; path = MainMenuViewController.swift; sourceTree = "<group>"; };
		BB66065026B1955F0002FC7E /* Assets.xcassets */ = {isa = PBXFileReference; lastKnownFileType = folder.assetcatalog; path = Assets.xcassets; sourceTree = "<group>"; };
		BB66065326B1955F0002FC7E /* Base */ = {isa = PBXFileReference; lastKnownFileType = file.storyboard; name = Base; path = Base.lproj/LaunchScreen.storyboard; sourceTree = "<group>"; };
		BB66065526B1955F0002FC7E /* Info.plist */ = {isa = PBXFileReference; lastKnownFileType = text.plist.xml; path = Info.plist; sourceTree = "<group>"; };
		BB87688026B960190081D653 /* CollectionCell.swift */ = {isa = PBXFileReference; lastKnownFileType = sourcecode.swift; path = CollectionCell.swift; sourceTree = "<group>"; };
		BBF5B5C226BBF77C00755B50 /* TableViewCell.swift */ = {isa = PBXFileReference; lastKnownFileType = sourcecode.swift; path = TableViewCell.swift; sourceTree = "<group>"; };
/* End PBXFileReference section */

/* Begin PBXFrameworksBuildPhase section */
		BB66064126B1955E0002FC7E /* Frameworks */ = {
			isa = PBXFrameworksBuildPhase;
			buildActionMask = 2147483647;
			files = (
			);
			runOnlyForDeploymentPostprocessing = 0;
		};
/* End PBXFrameworksBuildPhase section */

/* Begin PBXGroup section */
		BB4E510726B7D19B008C2ABE /* Model */ = {
			isa = PBXGroup;
			children = (
				BB87688026B960190081D653 /* CollectionCell.swift */,
				BBF5B5C226BBF77C00755B50 /* TableViewCell.swift */,
				BB3EDB8C26C101A3001A87EE /* SelectionCell.swift */,
			);
			path = Model;
			sourceTree = "<group>";
		};
		BB4E510826B7D1A2008C2ABE /* View */ = {
			isa = PBXGroup;
			children = (
				BB4E510A26B7D1BF008C2ABE /* MainMenuView.swift */,
			);
			path = View;
			sourceTree = "<group>";
		};
		BB4E510926B7D1A6008C2ABE /* Controller */ = {
			isa = PBXGroup;
			children = (
				BB66064B26B1955E0002FC7E /* MainMenuViewController.swift */,
			);
			path = Controller;
			sourceTree = "<group>";
		};
		BB66063B26B1955E0002FC7E = {
			isa = PBXGroup;
			children = (
				BB66064626B1955E0002FC7E /* NewMainMenu */,
				BB66064526B1955E0002FC7E /* Products */,
			);
			sourceTree = "<group>";
		};
		BB66064526B1955E0002FC7E /* Products */ = {
			isa = PBXGroup;
			children = (
				BB66064426B1955E0002FC7E /* NewMainMenu.app */,
			);
			name = Products;
			sourceTree = "<group>";
		};
		BB66064626B1955E0002FC7E /* NewMainMenu */ = {
			isa = PBXGroup;
			children = (
				BBCAC1FB26BBCAA90029B494 /* Files */,
				BB4E510926B7D1A6008C2ABE /* Controller */,
				BB4E510826B7D1A2008C2ABE /* View */,
				BB4E510726B7D19B008C2ABE /* Model */,
				BB66065526B1955F0002FC7E /* Info.plist */,
			);
			path = NewMainMenu;
			sourceTree = "<group>";
		};
		BBCAC1FB26BBCAA90029B494 /* Files */ = {
			isa = PBXGroup;
			children = (
				BB66065226B1955F0002FC7E /* LaunchScreen.storyboard */,
				BB66065026B1955F0002FC7E /* Assets.xcassets */,
				BB66064926B1955E0002FC7E /* SceneDelegate.swift */,
				BB66064726B1955E0002FC7E /* AppDelegate.swift */,
			);
			path = Files;
			sourceTree = "<group>";
		};
/* End PBXGroup section */

/* Begin PBXNativeTarget section */
		BB66064326B1955E0002FC7E /* NewMainMenu */ = {
			isa = PBXNativeTarget;
			buildConfigurationList = BB66065826B1955F0002FC7E /* Build configuration list for PBXNativeTarget "NewMainMenu" */;
			buildPhases = (
				BB66064026B1955E0002FC7E /* Sources */,
				BB66064126B1955E0002FC7E /* Frameworks */,
				BB66064226B1955E0002FC7E /* Resources */,
			);
			buildRules = (
			);
			dependencies = (
			);
			name = NewMainMenu;
			productName = NewMainMenu;
			productReference = BB66064426B1955E0002FC7E /* NewMainMenu.app */;
			productType = "com.apple.product-type.application";
		};
/* End PBXNativeTarget section */

/* Begin PBXProject section */
		BB66063C26B1955E0002FC7E /* Project object */ = {
			isa = PBXProject;
			attributes = {
				LastSwiftUpdateCheck = 1250;
				LastUpgradeCheck = 1250;
				TargetAttributes = {
					BB66064326B1955E0002FC7E = {
						CreatedOnToolsVersion = 12.5.1;
					};
				};
			};
			buildConfigurationList = BB66063F26B1955E0002FC7E /* Build configuration list for PBXProject "NewMainMenu" */;
			compatibilityVersion = "Xcode 12.0";
			developmentRegion = en;
			hasScannedForEncodings = 0;
			knownRegions = (
				en,
				Base,
			);
			mainGroup = BB66063B26B1955E0002FC7E;
			productRefGroup = BB66064526B1955E0002FC7E /* Products */;
			projectDirPath = "";
			projectRoot = "";
			targets = (
				BB66064326B1955E0002FC7E /* NewMainMenu */,
			);
		};
/* End PBXProject section */

/* Begin PBXResourcesBuildPhase section */
		BB66064226B1955E0002FC7E /* Resources */ = {
			isa = PBXResourcesBuildPhase;
			buildActionMask = 2147483647;
			files = (
				BB66065426B1955F0002FC7E /* LaunchScreen.storyboard in Resources */,
				BB66065126B1955F0002FC7E /* Assets.xcassets in Resources */,
			);
			runOnlyForDeploymentPostprocessing = 0;
		};
/* End PBXResourcesBuildPhase section */

/* Begin PBXSourcesBuildPhase section */
		BB66064026B1955E0002FC7E /* Sources */ = {
			isa = PBXSourcesBuildPhase;
			buildActionMask = 2147483647;
			files = (
				BBF5B5C326BBF77C00755B50 /* TableViewCell.swift in Sources */,
				BB87688126B960190081D653 /* CollectionCell.swift in Sources */,
				BB66064C26B1955E0002FC7E /* MainMenuViewController.swift in Sources */,
				BB66064826B1955E0002FC7E /* AppDelegate.swift in Sources */,
				BB4E510B26B7D1BF008C2ABE /* MainMenuView.swift in Sources */,
				BB3EDB8D26C101A3001A87EE /* SelectionCell.swift in Sources */,
				BB66064A26B1955E0002FC7E /* SceneDelegate.swift in Sources */,
			);
			runOnlyForDeploymentPostprocessing = 0;
		};
/* End PBXSourcesBuildPhase section */

/* Begin PBXVariantGroup section */
		BB66065226B1955F0002FC7E /* LaunchScreen.storyboard */ = {
			isa = PBXVariantGroup;
			children = (
				BB66065326B1955F0002FC7E /* Base */,
			);
			name = LaunchScreen.storyboard;
			sourceTree = "<group>";
		};
/* End PBXVariantGroup section */

/* Begin XCBuildConfiguration section */
		BB66065626B1955F0002FC7E /* Debug */ = {
			isa = XCBuildConfiguration;
			buildSettings = {
				ALWAYS_SEARCH_USER_PATHS = NO;
				CLANG_ANALYZER_NONNULL = YES;
				CLANG_ANALYZER_NUMBER_OBJECT_CONVERSION = YES_AGGRESSIVE;
				CLANG_CXX_LANGUAGE_STANDARD = "gnu++14";
				CLANG_CXX_LIBRARY = "libc++";
				CLANG_ENABLE_MODULES = YES;
				CLANG_ENABLE_OBJC_ARC = YES;
				CLANG_ENABLE_OBJC_WEAK = YES;
				CLANG_WARN_BLOCK_CAPTURE_AUTORELEASING = YES;
				CLANG_WARN_BOOL_CONVERSION = YES;
				CLANG_WARN_COMMA = YES;
				CLANG_WARN_CONSTANT_CONVERSION = YES;
				CLANG_WARN_DEPRECATED_OBJC_IMPLEMENTATIONS = YES;
				CLANG_WARN_DIRECT_OBJC_ISA_USAGE = YES_ERROR;
				CLANG_WARN_DOCUMENTATION_COMMENTS = YES;
				CLANG_WARN_EMPTY_BODY = YES;
				CLANG_WARN_ENUM_CONVERSION = YES;
				CLANG_WARN_INFINITE_RECURSION = YES;
				CLANG_WARN_INT_CONVERSION = YES;
				CLANG_WARN_NON_LITERAL_NULL_CONVERSION = YES;
				CLANG_WARN_OBJC_IMPLICIT_RETAIN_SELF = YES;
				CLANG_WARN_OBJC_LITERAL_CONVERSION = YES;
				CLANG_WARN_OBJC_ROOT_CLASS = YES_ERROR;
				CLANG_WARN_QUOTED_INCLUDE_IN_FRAMEWORK_HEADER = YES;
				CLANG_WARN_RANGE_LOOP_ANALYSIS = YES;
				CLANG_WARN_STRICT_PROTOTYPES = YES;
				CLANG_WARN_SUSPICIOUS_MOVE = YES;
				CLANG_WARN_UNGUARDED_AVAILABILITY = YES_AGGRESSIVE;
				CLANG_WARN_UNREACHABLE_CODE = YES;
				CLANG_WARN__DUPLICATE_METHOD_MATCH = YES;
				COPY_PHASE_STRIP = NO;
				DEBUG_INFORMATION_FORMAT = dwarf;
				ENABLE_STRICT_OBJC_MSGSEND = YES;
				ENABLE_TESTABILITY = YES;
				GCC_C_LANGUAGE_STANDARD = gnu11;
				GCC_DYNAMIC_NO_PIC = NO;
				GCC_NO_COMMON_BLOCKS = YES;
				GCC_OPTIMIZATION_LEVEL = 0;
				GCC_PREPROCESSOR_DEFINITIONS = (
					"DEBUG=1",
					"$(inherited)",
				);
				GCC_WARN_64_TO_32_BIT_CONVERSION = YES;
				GCC_WARN_ABOUT_RETURN_TYPE = YES_ERROR;
				GCC_WARN_UNDECLARED_SELECTOR = YES;
				GCC_WARN_UNINITIALIZED_AUTOS = YES_AGGRESSIVE;
				GCC_WARN_UNUSED_FUNCTION = YES;
				GCC_WARN_UNUSED_VARIABLE = YES;
				IPHONEOS_DEPLOYMENT_TARGET = 14.5;
				MTL_ENABLE_DEBUG_INFO = INCLUDE_SOURCE;
				MTL_FAST_MATH = YES;
				ONLY_ACTIVE_ARCH = YES;
				SDKROOT = iphoneos;
				SWIFT_ACTIVE_COMPILATION_CONDITIONS = DEBUG;
				SWIFT_OPTIMIZATION_LEVEL = "-Onone";
			};
			name = Debug;
		};
		BB66065726B1955F0002FC7E /* Release */ = {
			isa = XCBuildConfiguration;
			buildSettings = {
				ALWAYS_SEARCH_USER_PATHS = NO;
				CLANG_ANALYZER_NONNULL = YES;
				CLANG_ANALYZER_NUMBER_OBJECT_CONVERSION = YES_AGGRESSIVE;
				CLANG_CXX_LANGUAGE_STANDARD = "gnu++14";
				CLANG_CXX_LIBRARY = "libc++";
				CLANG_ENABLE_MODULES = YES;
				CLANG_ENABLE_OBJC_ARC = YES;
				CLANG_ENABLE_OBJC_WEAK = YES;
				CLANG_WARN_BLOCK_CAPTURE_AUTORELEASING = YES;
				CLANG_WARN_BOOL_CONVERSION = YES;
				CLANG_WARN_COMMA = YES;
				CLANG_WARN_CONSTANT_CONVERSION = YES;
				CLANG_WARN_DEPRECATED_OBJC_IMPLEMENTATIONS = YES;
				CLANG_WARN_DIRECT_OBJC_ISA_USAGE = YES_ERROR;
				CLANG_WARN_DOCUMENTATION_COMMENTS = YES;
				CLANG_WARN_EMPTY_BODY = YES;
				CLANG_WARN_ENUM_CONVERSION = YES;
				CLANG_WARN_INFINITE_RECURSION = YES;
				CLANG_WARN_INT_CONVERSION = YES;
				CLANG_WARN_NON_LITERAL_NULL_CONVERSION = YES;
				CLANG_WARN_OBJC_IMPLICIT_RETAIN_SELF = YES;
				CLANG_WARN_OBJC_LITERAL_CONVERSION = YES;
				CLANG_WARN_OBJC_ROOT_CLASS = YES_ERROR;
				CLANG_WARN_QUOTED_INCLUDE_IN_FRAMEWORK_HEADER = YES;
				CLANG_WARN_RANGE_LOOP_ANALYSIS = YES;
				CLANG_WARN_STRICT_PROTOTYPES = YES;
				CLANG_WARN_SUSPICIOUS_MOVE = YES;
				CLANG_WARN_UNGUARDED_AVAILABILITY = YES_AGGRESSIVE;
				CLANG_WARN_UNREACHABLE_CODE = YES;
				CLANG_WARN__DUPLICATE_METHOD_MATCH = YES;
				COPY_PHASE_STRIP = NO;
				DEBUG_INFORMATION_FORMAT = "dwarf-with-dsym";
				ENABLE_NS_ASSERTIONS = NO;
				ENABLE_STRICT_OBJC_MSGSEND = YES;
				GCC_C_LANGUAGE_STANDARD = gnu11;
				GCC_NO_COMMON_BLOCKS = YES;
				GCC_WARN_64_TO_32_BIT_CONVERSION = YES;
				GCC_WARN_ABOUT_RETURN_TYPE = YES_ERROR;
				GCC_WARN_UNDECLARED_SELECTOR = YES;
				GCC_WARN_UNINITIALIZED_AUTOS = YES_AGGRESSIVE;
				GCC_WARN_UNUSED_FUNCTION = YES;
				GCC_WARN_UNUSED_VARIABLE = YES;
				IPHONEOS_DEPLOYMENT_TARGET = 14.5;
				MTL_ENABLE_DEBUG_INFO = NO;
				MTL_FAST_MATH = YES;
				SDKROOT = iphoneos;
				SWIFT_COMPILATION_MODE = wholemodule;
				SWIFT_OPTIMIZATION_LEVEL = "-O";
				VALIDATE_PRODUCT = YES;
			};
			name = Release;
		};
		BB66065926B1955F0002FC7E /* Debug */ = {
			isa = XCBuildConfiguration;
			buildSettings = {
				ASSETCATALOG_COMPILER_APPICON_NAME = AppIcon;
				ASSETCATALOG_COMPILER_GLOBAL_ACCENT_COLOR_NAME = AccentColor;
				CODE_SIGN_STYLE = Automatic;
				DEVELOPMENT_TEAM = 9U2BQ8RU3L;
				INFOPLIST_FILE = NewMainMenu/Info.plist;
				IPHONEOS_DEPLOYMENT_TARGET = 13.0;
				LD_RUNPATH_SEARCH_PATHS = (
					"$(inherited)",
					"@executable_path/Frameworks",
				);
				PRODUCT_BUNDLE_IDENTIFIER = ilgamfa.NewMainMenu;
				PRODUCT_NAME = "$(TARGET_NAME)";
				SWIFT_VERSION = 5.0;
				TARGETED_DEVICE_FAMILY = "1,2";
			};
			name = Debug;
		};
		BB66065A26B1955F0002FC7E /* Release */ = {
			isa = XCBuildConfiguration;
			buildSettings = {
				ASSETCATALOG_COMPILER_APPICON_NAME = AppIcon;
				ASSETCATALOG_COMPILER_GLOBAL_ACCENT_COLOR_NAME = AccentColor;
				CODE_SIGN_STYLE = Automatic;
				DEVELOPMENT_TEAM = 9U2BQ8RU3L;
				INFOPLIST_FILE = NewMainMenu/Info.plist;
				IPHONEOS_DEPLOYMENT_TARGET = 13.0;
				LD_RUNPATH_SEARCH_PATHS = (
					"$(inherited)",
					"@executable_path/Frameworks",
				);
				PRODUCT_BUNDLE_IDENTIFIER = ilgamfa.NewMainMenu;
				PRODUCT_NAME = "$(TARGET_NAME)";
				SWIFT_VERSION = 5.0;
				TARGETED_DEVICE_FAMILY = "1,2";
			};
			name = Release;
		};
/* End XCBuildConfiguration section */

/* Begin XCConfigurationList section */
		BB66063F26B1955E0002FC7E /* Build configuration list for PBXProject "NewMainMenu" */ = {
			isa = XCConfigurationList;
			buildConfigurations = (
				BB66065626B1955F0002FC7E /* Debug */,
				BB66065726B1955F0002FC7E /* Release */,
			);
			defaultConfigurationIsVisible = 0;
			defaultConfigurationName = Release;
		};
		BB66065826B1955F0002FC7E /* Build configuration list for PBXNativeTarget "NewMainMenu" */ = {
			isa = XCConfigurationList;
			buildConfigurations = (
				BB66065926B1955F0002FC7E /* Debug */,
				BB66065A26B1955F0002FC7E /* Release */,
			);
			defaultConfigurationIsVisible = 0;
			defaultConfigurationName = Release;
		};
/* End XCConfigurationList section */
	};
	rootObject = BB66063C26B1955E0002FC7E /* Project object */;
}
